
Microsoft Visual Studio Solution File, Format Version 12.00
# Visual Studio Version 17
VisualStudioVersion = 17.7.34024.191
MinimumVisualStudioVersion = 10.0.40219.1
Project("{8BC9CEB8-8B4A-11D0-8D11-00A0C91BC942}") = "LAB_16", "LAB_16\LAB_16.vcxproj", "{BE10E3B0-9896-49FC-BAF5-5D4A1BE08392}"
EndProject
Global
	GlobalSection(SolutionConfigurationPlatforms) = preSolution
		Debug|x64 = Debug|x64
		Debug|x86 = Debug|x86
		Release|x64 = Release|x64
		Release|x86 = Release|x86
	EndGlobalSection
	GlobalSection(ProjectConfigurationPlatforms) = postSolution
		{BE10E3B0-9896-49FC-BAF5-5D4A1BE08392}.Debug|x64.ActiveCfg = Debug|x64
		{BE10E3B0-9896-49FC-BAF5-5D4A1BE08392}.Debug|x64.Build.0 = Debug|x64
		{BE10E3B0-9896-49FC-BAF5-5D4A1BE08392}.Debug|x86.ActiveCfg = Debug|Win32
		{BE10E3B0-9896-49FC-BAF5-5D4A1BE08392}.Debug|x86.Build.0 = Debug|Win32
		{BE10E3B0-9896-49FC-BAF5-5D4A1BE08392}.Release|x64.ActiveCfg = Release|x64
		{BE10E3B0-9896-49FC-BAF5-5D4A1BE08392}.Release|x64.Build.0 = Release|x64
		{BE10E3B0-9896-49FC-BAF5-5D4A1BE08392}.Release|x86.ActiveCfg = Release|Win32
		{BE10E3B0-9896-49FC-BAF5-5D4A1BE08392}.Release|x86.Build.0 = Release|Win32
	EndGlobalSection
	GlobalSection(SolutionProperties) = preSolution
		HideSolutionNode = FALSE
	EndGlobalSection
	GlobalSection(ExtensibilityGlobals) = postSolution
		SolutionGuid = {60154EA3-99DE-4CEF-952A-E1C8EA3ED754}
	EndGlobalSection
EndGlobal
